
Microsoft Visual Studio Solution File, Format Version 12.00
# Visual Studio Version 16
VisualStudioVersion = 16.0.30804.86
MinimumVisualStudioVersion = 10.0.40219.1
Project("{FAE04EC0-301F-11D3-BF4B-00C04F79EFBC}") = "DatabaseModel", "DatabaseModel\DatabaseModel.csproj", "{74328FE8-34D1-4CA0-AC29-91F235E036D7}"
EndProject
Project("{FAE04EC0-301F-11D3-BF4B-00C04F79EFBC}") = "DBMS", "DBMS\DBMS.csproj", "{EF8CD15D-7FDF-40BD-A0C0-436204645A79}"
EndProject
Global
	GlobalSection(SolutionConfigurationPlatforms) = preSolution
		Debug|Any CPU = Debug|Any CPU
		Release|Any CPU = Release|Any CPU
	EndGlobalSection
	GlobalSection(ProjectConfigurationPlatforms) = postSolution
		{74328FE8-34D1-4CA0-AC29-91F235E036D7}.Debug|Any CPU.ActiveCfg = Debug|Any CPU
		{74328FE8-34D1-4CA0-AC29-91F235E036D7}.Debug|Any CPU.Build.0 = Debug|Any CPU
		{74328FE8-34D1-4CA0-AC29-91F235E036D7}.Release|Any CPU.ActiveCfg = Release|Any CPU
		{74328FE8-34D1-4CA0-AC29-91F235E036D7}.Release|Any CPU.Build.0 = Release|Any CPU
		{EF8CD15D-7FDF-40BD-A0C0-436204645A79}.Debug|Any CPU.ActiveCfg = Debug|Any CPU
		{EF8CD15D-7FDF-40BD-A0C0-436204645A79}.Debug|Any CPU.Build.0 = Debug|Any CPU
		{EF8CD15D-7FDF-40BD-A0C0-436204645A79}.Release|Any CPU.ActiveCfg = Release|Any CPU
		{EF8CD15D-7FDF-40BD-A0C0-436204645A79}.Release|Any CPU.Build.0 = Release|Any CPU
	EndGlobalSection
	GlobalSection(SolutionProperties) = preSolution
		HideSolutionNode = FALSE
	EndGlobalSection
	GlobalSection(ExtensibilityGlobals) = postSolution
		SolutionGuid = {9168AC3A-30C8-468A-BF51-57444611A069}
	EndGlobalSection
EndGlobal
